
Microsoft Visual Studio Solution File, Format Version 12.00
# Visual Studio 2012
Project("{FAE04EC0-301F-11D3-BF4B-00C04F79EFBC}") = "MarsRoverCSharp", "MarsRoverCSharp\MarsRoverCSharp.csproj", "{B64B33BC-1ED7-4DDB-AC6A-63DA0D012D84}"
EndProject
Project("{FAE04EC0-301F-11D3-BF4B-00C04F79EFBC}") = "MarsRoverCSharp.Core", "MarsRoverCSharpCore\MarsRoverCSharp.Core.csproj", "{A40BFF36-B724-4E7D-86AF-EC7CBF8F791D}"
EndProject
Project("{FAE04EC0-301F-11D3-BF4B-00C04F79EFBC}") = "MarsRoverCSharp.Tests", "MarsRoverCSharp.Tests\MarsRoverCSharp.Tests.csproj", "{F6296A68-4885-4770-80AD-0F634ABC6D46}"
EndProject
Global
	GlobalSection(SolutionConfigurationPlatforms) = preSolution
		Debug|Any CPU = Debug|Any CPU
		Release|Any CPU = Release|Any CPU
	EndGlobalSection
	GlobalSection(ProjectConfigurationPlatforms) = postSolution
		{B64B33BC-1ED7-4DDB-AC6A-63DA0D012D84}.Debug|Any CPU.ActiveCfg = Debug|Any CPU
		{B64B33BC-1ED7-4DDB-AC6A-63DA0D012D84}.Debug|Any CPU.Build.0 = Debug|Any CPU
		{B64B33BC-1ED7-4DDB-AC6A-63DA0D012D84}.Release|Any CPU.ActiveCfg = Release|Any CPU
		{B64B33BC-1ED7-4DDB-AC6A-63DA0D012D84}.Release|Any CPU.Build.0 = Release|Any CPU
		{A40BFF36-B724-4E7D-86AF-EC7CBF8F791D}.Debug|Any CPU.ActiveCfg = Debug|Any CPU
		{A40BFF36-B724-4E7D-86AF-EC7CBF8F791D}.Debug|Any CPU.Build.0 = Debug|Any CPU
		{A40BFF36-B724-4E7D-86AF-EC7CBF8F791D}.Release|Any CPU.ActiveCfg = Release|Any CPU
		{A40BFF36-B724-4E7D-86AF-EC7CBF8F791D}.Release|Any CPU.Build.0 = Release|Any CPU
		{F6296A68-4885-4770-80AD-0F634ABC6D46}.Debug|Any CPU.ActiveCfg = Debug|Any CPU
		{F6296A68-4885-4770-80AD-0F634ABC6D46}.Debug|Any CPU.Build.0 = Debug|Any CPU
		{F6296A68-4885-4770-80AD-0F634ABC6D46}.Release|Any CPU.ActiveCfg = Release|Any CPU
		{F6296A68-4885-4770-80AD-0F634ABC6D46}.Release|Any CPU.Build.0 = Release|Any CPU
	EndGlobalSection
	GlobalSection(SolutionProperties) = preSolution
		HideSolutionNode = FALSE
	EndGlobalSection
EndGlobal
